{
  "name": "audio-spectrum",
  "version": "2.0.0",
  "lockfileVersion": 1,
  "dependencies": {
    "a-weighting": {
      "version": "1.1.0",
      "resolved": "https://registry.npmjs.org/a-weighting/-/a-weighting-1.1.0.tgz",
      "integrity": "sha1-6QtdvasVE7dL6fBRzlnWatyo2qo="
    },
    "almost-equal": {
      "version": "1.1.0",
      "resolved": "https://registry.npmjs.org/almost-equal/-/almost-equal-1.1.0.tgz",
      "integrity": "sha1-+FHGMROHV5lCdqou++jfowZszN0="
    },
    "amdefine": {
      "version": "1.0.1",
      "resolved": "https://registry.npmjs.org/amdefine/-/amdefine-1.0.1.tgz",
      "integrity": "sha1-SlKCrBZHKek2Gbz9OtFR+BfOkfU=",
      "optional": true
    },
    "atob-lite": {
      "version": "1.0.0",
      "resolved": "https://registry.npmjs.org/atob-lite/-/atob-lite-1.0.0.tgz",
      "integrity": "sha1-uI3KYAaSK5YglPdVaCa6sxxKKWs=",
      "dev": true
    },
    "audio-buffer": {
      "version": "2.4.6",
      "resolved": "https://registry.npmjs.org/audio-buffer/-/audio-buffer-2.4.6.tgz",
      "integrity": "sha1-L5e9srucpG0i07AdQzT0mSTromA=",
      "dev": true,
      "dependencies": {
        "audio-context": {
          "version": "1.0.1",
          "resolved": "https://registry.npmjs.org/audio-context/-/audio-context-1.0.1.tgz",
          "integrity": "sha1-zsTbis5u9KrL8Q7vCXekVxRo1Ks=",
          "dev": true
        }
      }
    },
    "audio-buffer-list": {
      "version": "3.1.0",
      "resolved": "https://registry.npmjs.org/audio-buffer-list/-/audio-buffer-list-3.1.0.tgz",
      "integrity": "sha512-83xDFyI0zv/cl+MxCelqJyL3CiO4wvfRfaIuBwxh+84zuuyNi0rFQFz/sOiXqtnMJduQeGK9LfcasJWiJMaOqA==",
      "dev": true,
      "dependencies": {
        "audio-buffer": {
          "version": "4.0.1",
          "resolved": "https://registry.npmjs.org/audio-buffer/-/audio-buffer-4.0.1.tgz",
          "integrity": "sha1-YrYe7L/KplFHFQ0Y/kP3Z6yANLg=",
          "dev": true
        },
        "audio-buffer-utils": {
          "version": "5.0.1",
          "resolved": "https://registry.npmjs.org/audio-buffer-utils/-/audio-buffer-utils-5.0.1.tgz",
          "integrity": "sha1-5i2RAQo3Yg3W5Qx9nUQ4KH/afLI=",
          "dev": true
        }
      }
    },
    "audio-buffer-utils": {
      "version": "4.3.2",
      "resolved": "https://registry.npmjs.org/audio-buffer-utils/-/audio-buffer-utils-4.3.2.tgz",
      "integrity": "sha1-1VX67Y1s7rEgYZ45+mkTdPIQM4A=",
      "dev": true,
      "dependencies": {
        "audio-buffer": {
          "version": "3.2.1",
          "resolved": "https://registry.npmjs.org/audio-buffer/-/audio-buffer-3.2.1.tgz",
          "integrity": "sha1-y/8sFXf7CvxckjKQLVQ7L5bdQz0=",
          "dev": true
        }
      }
    },
    "audio-context": {
      "version": "1.0.1",
      "resolved": "https://registry.npmjs.org/audio-context/-/audio-context-1.0.1.tgz",
      "integrity": "sha1-zsTbis5u9KrL8Q7vCXekVxRo1Ks=",
      "dev": true
    },
    "audio-generator": {
      "version": "2.1.2",
      "resolved": "https://registry.npmjs.org/audio-generator/-/audio-generator-2.1.2.tgz",
      "integrity": "sha1-lEhPofavlHuNoDhi9NzuhLe81ak=",
      "dev": true
    },
    "audio-through": {
      "version": "2.2.3",
      "resolved": "https://registry.npmjs.org/audio-through/-/audio-through-2.2.3.tgz",
      "integrity": "sha1-FPyMN7YT0chwz67gS/RFTCiVn78=",
      "dev": true,
      "dependencies": {
        "audio-buffer": {
          "version": "3.2.1",
          "resolved": "https://registry.npmjs.org/audio-buffer/-/audio-buffer-3.2.1.tgz",
          "integrity": "sha1-y/8sFXf7CvxckjKQLVQ7L5bdQz0=",
          "dev": true
        }
      }
    },
    "brfs": {
      "version": "1.4.3",
      "resolved": "https://registry.npmjs.org/brfs/-/brfs-1.4.3.tgz",
      "integrity": "sha1-22ddb16SPm3wh/ylhZyQkKrtMhY="
    },
    "buffer-equal": {
      "version": "0.0.1",
      "resolved": "https://registry.npmjs.org/buffer-equal/-/buffer-equal-0.0.1.tgz",
      "integrity": "sha1-kbx0sR6kBbyRa8aqkI+q+ltKrEs="
    },
    "buffer-to-arraybuffer": {
      "version": "0.0.4",
      "resolved": "https://registry.npmjs.org/buffer-to-arraybuffer/-/buffer-to-arraybuffer-0.0.4.tgz",
      "integrity": "sha1-8+Xj9vJjLHHnzevnbtFxj61CHUw=",
      "dev": true
    },
    "canvas-fit": {
      "version": "1.5.0",
      "resolved": "https://registry.npmjs.org/canvas-fit/-/canvas-fit-1.5.0.tgz",
      "integrity": "sha1-rhO+Zq3kL1vg5IfjRfzjCl5bXl8="
    },
    "canvas-loop": {
      "version": "1.0.7",
      "resolved": "https://registry.npmjs.org/canvas-loop/-/canvas-loop-1.0.7.tgz",
      "integrity": "sha1-2+Ywnc5QuTT8d5+V+Kq1xJvins0="
    },
    "clamp": {
      "version": "1.0.1",
      "resolved": "https://registry.npmjs.org/clamp/-/clamp-1.0.1.tgz",
      "integrity": "sha1-ZqDmQBGBbjcZaCj9yMjBRzEshjQ="
    },
    "color-alpha": {
      "version": "1.0.2",
      "resolved": "https://registry.npmjs.org/color-alpha/-/color-alpha-1.0.2.tgz",
      "integrity": "sha1-tDMtJAvCrOd72y0J9jlNkcupHjA="
    },
    "color-interpolate": {
      "version": "1.0.2",
      "resolved": "https://registry.npmjs.org/color-interpolate/-/color-interpolate-1.0.2.tgz",
      "integrity": "sha1-7ZD4sfArEJ9G0ww0OXiuOxOd55I="
    },
    "color-name": {
      "version": "1.1.2",
      "resolved": "https://registry.npmjs.org/color-name/-/color-name-1.1.2.tgz",
      "integrity": "sha1-XIq3K2S9IhXWF66VWeuxSEdc+Y0="
    },
    "color-parse": {
      "version": "1.3.2",
      "resolved": "https://registry.npmjs.org/color-parse/-/color-parse-1.3.2.tgz",
      "integrity": "sha1-oUHt8cl7tKpMoAxFUArJEbLxO/8="
    },
    "color-rgba": {
      "version": "1.1.0",
      "resolved": "https://registry.npmjs.org/color-rgba/-/color-rgba-1.1.0.tgz",
      "integrity": "sha1-LKnPl/AApOlnaYF2oOMzXH51IVw="
    },
    "color-space": {
      "version": "1.14.7",
      "resolved": "https://registry.npmjs.org/color-space/-/color-space-1.14.7.tgz",
      "integrity": "sha1-t/WjF3lCe7JfmSemlBDYDC6qpxs="
    },
    "concat-stream": {
      "version": "1.6.0",
      "resolved": "https://registry.npmjs.org/concat-stream/-/concat-stream-1.6.0.tgz",
      "integrity": "sha1-CqxmL9Ur54lk1VMvaUeE5wEQrPc="
    },
    "core-util-is": {
      "version": "1.0.2",
      "resolved": "https://registry.npmjs.org/core-util-is/-/core-util-is-1.0.2.tgz",
      "integrity": "sha1-tf1UIgqivFq1eqtxQMlAdUUDwac="
    },
    "data-uri-regex": {
      "version": "0.1.4",
      "resolved": "https://registry.npmjs.org/data-uri-regex/-/data-uri-regex-0.1.4.tgz",
      "integrity": "sha1-Hh22yDl+yopI7NtVrRuSfsC7rC4=",
      "dev": true
    },
    "decibels": {
      "version": "1.0.1",
      "resolved": "https://registry.npmjs.org/decibels/-/decibels-1.0.1.tgz",
      "integrity": "sha1-/5Dmss4O3GnO8iSfGj6VOBdTqMw="
    },
    "dom-walk": {
      "version": "0.1.1",
      "resolved": "https://registry.npmjs.org/dom-walk/-/dom-walk-0.1.1.tgz",
      "integrity": "sha1-ZyIm3HTI95mtNTB9+TaroRrNYBg=",
      "dev": true
    },
    "dprop": {
      "version": "1.0.0",
      "resolved": "https://registry.npmjs.org/dprop/-/dprop-1.0.0.tgz",
      "integrity": "sha1-X0WmCmD6OsHQ9otrQ1gx8v9mVGg="
    },
    "duplexer2": {
      "version": "0.0.2",
      "resolved": "https://registry.npmjs.org/duplexer2/-/duplexer2-0.0.2.tgz",
      "integrity": "sha1-xhTc9n4vsUmVqRcR5aYX6KYKMds=",
      "dependencies": {
        "isarray": {
          "version": "0.0.1",
          "resolved": "https://registry.npmjs.org/isarray/-/isarray-0.0.1.tgz",
          "integrity": "sha1-ihis/Kmo9Bd+Cav8YDiTmwXR7t8="
        },
        "readable-stream": {
          "version": "1.1.14",
          "resolved": "https://registry.npmjs.org/readable-stream/-/readable-stream-1.1.14.tgz",
          "integrity": "sha1-fPTFTvZI44EwhMY23SB54WbAgdk="
        },
        "string_decoder": {
          "version": "0.10.31",
          "resolved": "https://registry.npmjs.org/string_decoder/-/string_decoder-0.10.31.tgz",
          "integrity": "sha1-YuIDvEF2bGwoyfyEMB2rHFMQ+pQ="
        }
      }
    },
    "element-size": {
      "version": "1.1.1",
      "resolved": "https://registry.npmjs.org/element-size/-/element-size-1.1.1.tgz",
      "integrity": "sha1-ZOXxWdlxIWMYRby67K8nnDm1404="
    },
    "events": {
      "version": "1.1.1",
      "resolved": "https://registry.npmjs.org/events/-/events-1.1.1.tgz",
      "integrity": "sha1-nr23Y1rQmccNzEwqH1AEKI6L2SQ="
    },
    "foreach": {
      "version": "2.0.5",
      "resolved": "https://registry.npmjs.org/foreach/-/foreach-2.0.5.tgz",
      "integrity": "sha1-C+4AUBiusmDQo6865ljdATbsG5k="
    },
    "fourier-transform": {
      "version": "1.1.2",
      "resolved": "https://registry.npmjs.org/fourier-transform/-/fourier-transform-1.1.2.tgz",
      "integrity": "sha1-U5J876hpWOsf0hSK9GxtP8Xnm2Q="
    },
    "function-bind": {
      "version": "1.1.0",
      "resolved": "https://registry.npmjs.org/function-bind/-/function-bind-1.1.0.tgz",
      "integrity": "sha1-FhdnFMgBeY5Ojyz391KUZ7tKV3E="
    },
    "get-canvas-context": {
      "version": "1.0.2",
      "resolved": "https://registry.npmjs.org/get-canvas-context/-/get-canvas-context-1.0.2.tgz",
      "integrity": "sha1-1ue1C8TkyGNXzTnyJkeoS3NgHpM="
    },
    "gl-spectrum": {
      "version": "3.2.6",
      "resolved": "https://registry.npmjs.org/gl-spectrum/-/gl-spectrum-3.2.6.tgz",
      "integrity": "sha512-upd917PS6fwZePf6cRlZr/kdJCX1Hwsyng9t71xmmx2SxjWL/2qUkBPxTJiWdY2tG7w1Y/f5KKUJz3WeOt+o4Q=="
    },
    "gl-util": {
      "version": "1.1.6",
      "resolved": "https://registry.npmjs.org/gl-util/-/gl-util-1.1.6.tgz",
      "integrity": "sha1-lLX7bCkwkrt6CaNoEFRvMb9O5Qo="
    },
    "gl-vec2": {
      "version": "1.0.0",
      "resolved": "https://registry.npmjs.org/gl-vec2/-/gl-vec2-1.0.0.tgz",
      "integrity": "sha1-d/zmrpYShW1si2Ic0mHNgoG5xjc="
    },
    "global": {
      "version": "4.3.2",
      "resolved": "https://registry.npmjs.org/global/-/global-4.3.2.tgz",
      "integrity": "sha1-52mJJopsdMOJCLEwWxD8DjlOnQ8=",
      "dev": true
    },
    "has": {
      "version": "1.0.1",
      "resolved": "https://registry.npmjs.org/has/-/has-1.0.1.tgz",
      "integrity": "sha1-hGFzP1OLCDfJNh45qauelwTcLyg="
    },
    "husl": {
      "version": "5.0.3",
      "resolved": "https://registry.npmjs.org/husl/-/husl-5.0.3.tgz",
      "integrity": "sha1-7icqr/G+vkDfNYjtAHtw3n5nl4g="
    },
    "impetus": {
      "version": "0.8.7",
      "resolved": "https://registry.npmjs.org/impetus/-/impetus-0.8.7.tgz",
      "integrity": "sha1-WVIcJWM5EenLxQkxdnnw8LiNkug="
    },
    "inherits": {
      "version": "2.0.3",
      "resolved": "https://registry.npmjs.org/inherits/-/inherits-2.0.3.tgz",
      "integrity": "sha1-Yzwsg+PaQqUC9SRmAiSA9CCCYd4="
    },
    "is-audio-buffer": {
      "version": "1.0.11",
      "resolved": "https://registry.npmjs.org/is-audio-buffer/-/is-audio-buffer-1.0.11.tgz",
      "integrity": "sha1-Hs443PML9U3aNvIKRS63J9I96zY="
    },
    "is-browser": {
      "version": "2.0.1",
      "resolved": "https://registry.npmjs.org/is-browser/-/is-browser-2.0.1.tgz",
      "integrity": "sha1-i/C695mpxi/Z3lvO5M8zl8PnUpo="
    },
    "is-buffer": {
      "version": "1.1.5",
      "resolved": "https://registry.npmjs.org/is-buffer/-/is-buffer-1.1.5.tgz",
      "integrity": "sha1-Hzsm72E7IUuIy8ojzGwB2Hlh7sw=",
      "dev": true
    },
    "is-data-uri": {
      "version": "0.1.0",
      "resolved": "https://registry.npmjs.org/is-data-uri/-/is-data-uri-0.1.0.tgz",
      "integrity": "sha1-Ru5ntjwYwf+gvU36ss0sgccoI38=",
      "dev": true
    },
    "is-finite": {
      "version": "1.0.2",
      "resolved": "https://registry.npmjs.org/is-finite/-/is-finite-1.0.2.tgz",
      "integrity": "sha1-zGZ3aVYCvlUO8R6LSqYwU0K20Ko="
    },
    "is-firefox": {
      "version": "1.0.3",
      "resolved": "https://registry.npmjs.org/is-firefox/-/is-firefox-1.0.3.tgz",
      "integrity": "sha1-KioVZ3g6QX9uFYMjEI84YbCRhWI="
    },
    "is-negative-zero": {
      "version": "2.0.0",
      "resolved": "https://registry.npmjs.org/is-negative-zero/-/is-negative-zero-2.0.0.tgz",
      "integrity": "sha1-lVOxIbD6wohp2p7UWeIMdUN4hGE=",
      "dev": true
    },
    "is-plain-obj": {
      "version": "1.1.0",
      "resolved": "https://registry.npmjs.org/is-plain-obj/-/is-plain-obj-1.1.0.tgz",
      "integrity": "sha1-caUMhCnfync8kqOQpKA7OfzVHT4="
    },
    "is-promise": {
      "version": "2.1.0",
      "resolved": "https://registry.npmjs.org/is-promise/-/is-promise-2.1.0.tgz",
      "integrity": "sha1-eaKp7OfwlugPNtKy87wWwf9L8/o=",
      "dev": true
    },
    "isarray": {
      "version": "1.0.0",
      "resolved": "https://registry.npmjs.org/isarray/-/isarray-1.0.0.tgz",
      "integrity": "sha1-u5NdSFgsuhaMBoNJV6VKPgcSTxE="
    },
    "just-pick": {
      "version": "1.0.3",
      "resolved": "https://registry.npmjs.org/just-pick/-/just-pick-1.0.3.tgz",
      "integrity": "sha1-oi3CF0gqLB30ZVXGhYGhJz4w5X8="
    },
    "just-range": {
      "version": "1.0.1",
      "resolved": "https://registry.npmjs.org/just-range/-/just-range-1.0.1.tgz",
      "integrity": "sha1-k8+Bqku+ESvR2ntasGNt7jUTFhw="
    },
    "left-pad": {
      "version": "1.1.3",
      "resolved": "https://registry.npmjs.org/left-pad/-/left-pad-1.1.3.tgz",
      "integrity": "sha1-YS9hwDPzqeCOk58crr7qQbbzGZo="
    },
    "lerp": {
      "version": "1.0.3",
      "resolved": "https://registry.npmjs.org/lerp/-/lerp-1.0.3.tgz",
      "integrity": "sha1-oYyJaPkXiW3hXM/MKNVaa3Med24="
    },
    "min-document": {
      "version": "2.19.0",
      "resolved": "https://registry.npmjs.org/min-document/-/min-document-2.19.0.tgz",
      "integrity": "sha1-e9KC4/WELtKVu3SM3Z8f+iyCRoU=",
      "dev": true
    },
    "minimist": {
      "version": "1.2.0",
      "resolved": "https://registry.npmjs.org/minimist/-/minimist-1.2.0.tgz",
      "integrity": "sha1-o1AIsg9BOD7sH7kU9M1d95omQoQ="
    },
    "mouse-event-offset": {
      "version": "3.0.2",
      "resolved": "https://registry.npmjs.org/mouse-event-offset/-/mouse-event-offset-3.0.2.tgz",
      "integrity": "sha1-39hqbiSMa6jK1TuQXVA3ogY+mYQ="
    },
    "mouse-wheel": {
      "version": "1.2.0",
      "resolved": "https://registry.npmjs.org/mouse-wheel/-/mouse-wheel-1.2.0.tgz",
      "integrity": "sha1-bSkDseqPtI5h8bU7kDZ3PwQs21w="
    },
    "mumath": {
      "version": "3.3.4",
      "resolved": "https://registry.npmjs.org/mumath/-/mumath-3.3.4.tgz",
      "integrity": "sha1-SNSg8P2MrU57Mglu6JsWGmPTC78="
    },
    "negative-index": {
      "version": "1.0.2",
      "resolved": "https://registry.npmjs.org/negative-index/-/negative-index-1.0.2.tgz",
      "integrity": "sha1-uws0n53oCHkybPpUxW+2tnykeI0=",
      "dev": true
    },
    "number-is-integer": {
      "version": "1.0.1",
      "resolved": "https://registry.npmjs.org/number-is-integer/-/number-is-integer-1.0.1.tgz",
      "integrity": "sha1-5ZvKFy/+0nMY55x862y3LAlbIVI="
    },
    "number-is-nan": {
      "version": "1.0.1",
      "resolved": "https://registry.npmjs.org/number-is-nan/-/number-is-nan-1.0.1.tgz",
      "integrity": "sha1-CXtgK1NCKlIsGvuHkDGDNpQaAR0="
    },
    "object-assign": {
      "version": "4.1.1",
      "resolved": "https://registry.npmjs.org/object-assign/-/object-assign-4.1.1.tgz",
      "integrity": "sha1-IQmtx5ZYh8/AXLvUQsrIv7s2CGM="
    },
    "object-keys": {
      "version": "1.0.11",
      "resolved": "https://registry.npmjs.org/object-keys/-/object-keys-1.0.11.tgz",
      "integrity": "sha1-xUYBd4rVYPEULODgG8yotW0TQm0="
    },
    "pan-zoom": {
      "version": "2.0.0",
      "resolved": "https://registry.npmjs.org/pan-zoom/-/pan-zoom-2.0.0.tgz",
      "integrity": "sha1-Ss8Qss2lqcoE/oLq0yutdBPkb3c="
    },
    "parse-unit": {
      "version": "1.0.1",
      "resolved": "https://registry.npmjs.org/parse-unit/-/parse-unit-1.0.1.tgz",
      "integrity": "sha1-fhu21b7zh0wo45JSaiVBFwKR7s8="
    },
    "path-parse": {
      "version": "1.0.5",
      "resolved": "https://registry.npmjs.org/path-parse/-/path-parse-1.0.5.tgz",
      "integrity": "sha1-PBrfhx6pzWyUMbbqK9dKD/BVxME="
    },
    "pcm-util": {
      "version": "2.1.0",
      "resolved": "https://registry.npmjs.org/pcm-util/-/pcm-util-2.1.0.tgz",
      "integrity": "sha1-UazkawngEX+5L2VPYy3LLtnIYGU=",
      "dev": true,
      "dependencies": {
        "audio-buffer": {
          "version": "3.2.1",
          "resolved": "https://registry.npmjs.org/audio-buffer/-/audio-buffer-3.2.1.tgz",
          "integrity": "sha1-y/8sFXf7CvxckjKQLVQ7L5bdQz0=",
          "dev": true
        }
      }
    },
    "performance-now": {
      "version": "2.1.0",
      "resolved": "https://registry.npmjs.org/performance-now/-/performance-now-2.1.0.tgz",
      "integrity": "sha1-Ywn04OX6kT7BxpMHrjZLSzd8nns="
    },
    "plot-grid": {
      "version": "2.4.2",
      "resolved": "https://registry.npmjs.org/plot-grid/-/plot-grid-2.4.2.tgz",
      "integrity": "sha512-RkGFxqr6TFq9dT0CGrydZxpZUlZ0fK9sHkMCue88P96jyHRpTY0tGe+H/anrvwkQZEYDAcUJN+X3udVixVivsA=="
    },
    "pretty-number": {
      "version": "1.0.7",
      "resolved": "https://registry.npmjs.org/pretty-number/-/pretty-number-1.0.7.tgz",
      "integrity": "sha1-aG7HU6PDfNp5EkVgFt96/XEcOzA="
    },
    "process": {
      "version": "0.5.2",
      "resolved": "https://registry.npmjs.org/process/-/process-0.5.2.tgz",
      "integrity": "sha1-FjjYqONML0QKkduVq5rrZ3/Bhc8=",
      "dev": true
    },
    "process-nextick-args": {
      "version": "1.0.7",
      "resolved": "https://registry.npmjs.org/process-nextick-args/-/process-nextick-args-1.0.7.tgz",
      "integrity": "sha1-FQ4gt1ZZCtP5EJPyWk8q2L/zC6M="
    },
    "quote-stream": {
      "version": "1.0.2",
      "resolved": "https://registry.npmjs.org/quote-stream/-/quote-stream-1.0.2.tgz",
      "integrity": "sha1-hJY/jJwmuULhU/7rU6rnRlK34LI="
    },
    "raf": {
      "version": "3.3.2",
      "resolved": "https://registry.npmjs.org/raf/-/raf-3.3.2.tgz",
      "integrity": "sha1-DBO+C1tJtG921maSSNUnzysC/ic="
    },
    "raf-loop": {
      "version": "1.1.3",
      "resolved": "https://registry.npmjs.org/raf-loop/-/raf-loop-1.1.3.tgz",
      "integrity": "sha1-h0emmilhUZcgaVS85HfT5l5lkpk="
    },
    "readable-stream": {
      "version": "2.2.11",
      "resolved": "https://registry.npmjs.org/readable-stream/-/readable-stream-2.2.11.tgz",
      "integrity": "sha512-h+8+r3MKEhkiVrwdKL8aWs1oc1VvBu33ueshOvS26RsZQ3Amhx/oO3TKe4lApSV9ueY6as8EAh7mtuFjdlhg9Q=="
    },
    "resolve": {
      "version": "1.3.3",
      "resolved": "https://registry.npmjs.org/resolve/-/resolve-1.3.3.tgz",
      "integrity": "sha1-ZVkHw0aahoDcLeOidaj91paR8OU="
    },
    "right-now": {
      "version": "1.0.0",
      "resolved": "https://registry.npmjs.org/right-now/-/right-now-1.0.0.tgz",
      "integrity": "sha1-bolgne69fc2vja7Mmuo5z1haCRg="
    },
    "safe-buffer": {
      "version": "5.0.1",
      "resolved": "https://registry.npmjs.org/safe-buffer/-/safe-buffer-5.0.1.tgz",
      "integrity": "sha1-0mPKVGls2KMGtcplUekt5XkY++c="
    },
    "scijs-window-functions": {
      "version": "2.0.2",
      "resolved": "https://registry.npmjs.org/scijs-window-functions/-/scijs-window-functions-2.0.2.tgz",
      "integrity": "sha1-WOXckLUq5ymlOjf6889tRPV3WUI="
    },
    "shallow-copy": {
      "version": "0.0.1",
      "resolved": "https://registry.npmjs.org/shallow-copy/-/shallow-copy-0.0.1.tgz",
      "integrity": "sha1-QV9CcC1z2BAzApLMXuhurhoRoXA="
    },
    "signum": {
      "version": "1.0.0",
      "resolved": "https://registry.npmjs.org/signum/-/signum-1.0.0.tgz",
      "integrity": "sha1-dKfSvyogtA66FqkrFSEk8dVZ+nc="
    },
    "static-module": {
      "version": "1.3.2",
      "resolved": "https://registry.npmjs.org/static-module/-/static-module-1.3.2.tgz",
      "integrity": "sha1-Mp+58iOlZiZr2nGEO32TLHZxdPM=",
      "dependencies": {
        "acorn": {
          "version": "1.2.2",
          "resolved": "https://registry.npmjs.org/acorn/-/acorn-1.2.2.tgz",
          "integrity": "sha1-yM4n3grMdtiW0rH6099YjZ6C8BQ="
        },
        "escodegen": {
          "version": "1.3.3",
          "resolved": "https://registry.npmjs.org/escodegen/-/escodegen-1.3.3.tgz",
          "integrity": "sha1-8CQBb1qI4Eb9EgBQVek5gC5sXyM="
        },
        "esprima": {
          "version": "1.1.1",
          "resolved": "https://registry.npmjs.org/esprima/-/esprima-1.1.1.tgz",
          "integrity": "sha1-W28VR/TRAuZw4UDFCb5ncdautUk="
        },
        "estraverse": {
          "version": "1.5.1",
          "resolved": "https://registry.npmjs.org/estraverse/-/estraverse-1.5.1.tgz",
          "integrity": "sha1-hno+jlip+EYYr7bC3bzZFrfLr3E="
        },
        "esutils": {
          "version": "1.0.0",
          "resolved": "https://registry.npmjs.org/esutils/-/esutils-1.0.0.tgz",
          "integrity": "sha1-gVHTWOIMisx/t0XnRywAJf5JZXA="
        },
        "falafel": {
          "version": "1.2.0",
          "resolved": "https://registry.npmjs.org/falafel/-/falafel-1.2.0.tgz",
          "integrity": "sha1-wY0k71CRF0pJfzGM0ksCaiXN2rQ="
        },
        "isarray": {
          "version": "0.0.1",
          "resolved": "https://registry.npmjs.org/isarray/-/isarray-0.0.1.tgz",
          "integrity": "sha1-ihis/Kmo9Bd+Cav8YDiTmwXR7t8="
        },
        "minimist": {
          "version": "0.0.8",
          "resolved": "https://registry.npmjs.org/minimist/-/minimist-0.0.8.tgz",
          "integrity": "sha1-hX/Kv8M5fSYluCKCYuhqp6ARsF0="
        },
        "object-inspect": {
          "version": "0.4.0",
          "resolved": "https://registry.npmjs.org/object-inspect/-/object-inspect-0.4.0.tgz",
          "integrity": "sha1-9RV8EWwUVbJDsG7pdwM5LFrYn+w="
        },
        "quote-stream": {
          "version": "0.0.0",
          "resolved": "https://registry.npmjs.org/quote-stream/-/quote-stream-0.0.0.tgz",
          "integrity": "sha1-zeKelMQJsW4Z3HCYuJtmWPlyHTs="
        },
        "readable-stream": {
          "version": "1.0.34",
          "resolved": "https://registry.npmjs.org/readable-stream/-/readable-stream-1.0.34.tgz",
          "integrity": "sha1-Elgg40vIQtLyqq+v5MKRbuMsFXw="
        },
        "source-map": {
          "version": "0.1.43",
          "resolved": "https://registry.npmjs.org/source-map/-/source-map-0.1.43.tgz",
          "integrity": "sha1-wkvBRspRfBRx9drL4lcbK3+eM0Y=",
          "optional": true
        },
        "static-eval": {
          "version": "0.2.4",
          "resolved": "https://registry.npmjs.org/static-eval/-/static-eval-0.2.4.tgz",
          "integrity": "sha1-t9NNg4k3uWn5ZBygfUj47eJj6ns=",
          "dependencies": {
            "escodegen": {
              "version": "0.0.28",
              "resolved": "https://registry.npmjs.org/escodegen/-/escodegen-0.0.28.tgz",
              "integrity": "sha1-Dk/xcV8yh3XWyrUaxEpAbNer/9M="
            },
            "esprima": {
              "version": "1.0.4",
              "resolved": "https://registry.npmjs.org/esprima/-/esprima-1.0.4.tgz",
              "integrity": "sha1-n1V+CPw7TSbs6d00+Pv0drYlha0="
            },
            "estraverse": {
              "version": "1.3.2",
              "resolved": "https://registry.npmjs.org/estraverse/-/estraverse-1.3.2.tgz",
              "integrity": "sha1-N8K4k+8T1yPydth41g2FNRUqbEI="
            }
          }
        },
        "string_decoder": {
          "version": "0.10.31",
          "resolved": "https://registry.npmjs.org/string_decoder/-/string_decoder-0.10.31.tgz",
          "integrity": "sha1-YuIDvEF2bGwoyfyEMB2rHFMQ+pQ="
        },
        "through2": {
          "version": "0.4.2",
          "resolved": "https://registry.npmjs.org/through2/-/through2-0.4.2.tgz",
          "integrity": "sha1-2/WGYDEVHsg1K7bE22SiKSqEC5s="
        },
        "xtend": {
          "version": "2.1.2",
          "resolved": "https://registry.npmjs.org/xtend/-/xtend-2.1.2.tgz",
          "integrity": "sha1-bv7MKk2tjmlixJAbM3znuoe10os=",
          "dependencies": {
            "object-keys": {
              "version": "0.4.0",
              "resolved": "https://registry.npmjs.org/object-keys/-/object-keys-0.4.0.tgz",
              "integrity": "sha1-KKaq50KN0sOpLz2V8hM13SBOAzY="
            }
          }
        }
      }
    },
    "string_decoder": {
      "version": "1.0.2",
      "resolved": "https://registry.npmjs.org/string_decoder/-/string_decoder-1.0.2.tgz",
      "integrity": "sha1-sp4fThEl+pehA4K4pTNze3SR4Xk="
    },
    "through2": {
      "version": "2.0.3",
      "resolved": "https://registry.npmjs.org/through2/-/through2-2.0.3.tgz",
      "integrity": "sha1-AARWmzfHx0ujnEPzzteNGtlBQL4="
    },
    "to-array-buffer": {
      "version": "1.2.4",
      "resolved": "https://registry.npmjs.org/to-array-buffer/-/to-array-buffer-1.2.4.tgz",
      "integrity": "sha1-fv3DGUpaDSsLqT+6nT7cM6EllHM=",
      "dev": true
    },
    "to-px": {
      "version": "1.0.1",
      "resolved": "https://registry.npmjs.org/to-px/-/to-px-1.0.1.tgz",
      "integrity": "sha1-W7rtXl1PdkRbzJA8KTojB90yRkY="
    },
    "touch-pinch": {
      "version": "1.0.1",
      "resolved": "https://registry.npmjs.org/touch-pinch/-/touch-pinch-1.0.1.tgz",
      "integrity": "sha1-UvKu7iYxOXMFcNDM341EOpKzs20="
    },
    "touch-position": {
      "version": "2.0.0",
      "resolved": "https://registry.npmjs.org/touch-position/-/touch-position-2.0.0.tgz",
      "integrity": "sha1-26fMf26PoZKIFS0inhW33FyCQoY="
    },
    "typedarray": {
      "version": "0.0.6",
      "resolved": "https://registry.npmjs.org/typedarray/-/typedarray-0.0.6.tgz",
      "integrity": "sha1-hnrHTjhkGHsdPUfZlqeOxciDB3c="
    },
    "typedarray-methods": {
      "version": "1.0.1",
      "resolved": "https://registry.npmjs.org/typedarray-methods/-/typedarray-methods-1.0.1.tgz",
      "integrity": "sha512-fstWAa225OZ856/4npMqgJP6U1U3vTWnqkn9wokZXzME9pORW9dV8u/v1VRGpo584udKMvCIYlNXzKoIb+UUGg==",
      "dev": true
    },
    "util-deprecate": {
      "version": "1.0.2",
      "resolved": "https://registry.npmjs.org/util-deprecate/-/util-deprecate-1.0.2.tgz",
      "integrity": "sha1-RQ1Nyfpw3nMnYvvS1KKJgUGaDM8="
    },
    "weakmap-shim": {
      "version": "1.1.1",
      "resolved": "https://registry.npmjs.org/weakmap-shim/-/weakmap-shim-1.1.1.tgz",
      "integrity": "sha1-1lr9eEEJshZuAP9XHDMVDsKkC0k="
    },
    "web-audio-write": {
      "version": "1.0.0",
      "resolved": "https://registry.npmjs.org/web-audio-write/-/web-audio-write-1.0.0.tgz",
      "integrity": "sha512-tkdZEwTL7RcScsID76QXOKq/510RMjWITA19P8OeA3hyGSsd83Lb95g1WgqMizOSq+PnZH1u2V38C96EbDn77Q==",
      "dev": true,
      "dependencies": {
        "audio-buffer": {
          "version": "4.0.1",
          "resolved": "https://registry.npmjs.org/audio-buffer/-/audio-buffer-4.0.1.tgz",
          "integrity": "sha1-YrYe7L/KplFHFQ0Y/kP3Z6yANLg=",
          "dev": true
        },
        "audio-buffer-utils": {
          "version": "5.0.1",
          "resolved": "https://registry.npmjs.org/audio-buffer-utils/-/audio-buffer-utils-5.0.1.tgz",
          "integrity": "sha1-5i2RAQo3Yg3W5Qx9nUQ4KH/afLI=",
          "dev": true
        }
      }
    },
    "webgl-context": {
      "version": "2.2.0",
      "resolved": "https://registry.npmjs.org/webgl-context/-/webgl-context-2.2.0.tgz",
      "integrity": "sha1-jzfXJXz23xzQpJ5qextyG5TMhqA="
    },
    "xtend": {
      "version": "4.0.1",
      "resolved": "https://registry.npmjs.org/xtend/-/xtend-4.0.1.tgz",
      "integrity": "sha1-pcbVMr5lbiPbgg77lDofBJmNY68="
    }
  }
}
